// !$*UTF8*$!
{
	archiveVersion = 1;
	classes = {
	};
	objectVersion = 50;
	objects = {

/* Begin PBXBuildFile section */
		9C5B5BE620AB84D669BAA19F /* Pods_DownLoaderBase.framework in Frameworks */ = {isa = PBXBuildFile; fileRef = 158EC3292FD07A9FEC96CB35 /* Pods_DownLoaderBase.framework */; };
		A28552CB2186CDEF00578C4E /* AppDelegate.swift in Sources */ = {isa = PBXBuildFile; fileRef = A28552CA2186CDEF00578C4E /* AppDelegate.swift */; };
		A28552CD2186CDEF00578C4E /* ViewController.swift in Sources */ = {isa = PBXBuildFile; fileRef = A28552CC2186CDEF00578C4E /* ViewController.swift */; };
		A28552D02186CDEF00578C4E /* Main.storyboard in Resources */ = {isa = PBXBuildFile; fileRef = A28552CE2186CDEF00578C4E /* Main.storyboard */; };
		A28552D22186CDEF00578C4E /* Assets.xcassets in Resources */ = {isa = PBXBuildFile; fileRef = A28552D12186CDEF00578C4E /* Assets.xcassets */; };
		A28552D52186CDEF00578C4E /* LaunchScreen.storyboard in Resources */ = {isa = PBXBuildFile; fileRef = A28552D32186CDEF00578C4E /* LaunchScreen.storyboard */; };
		A285534C2186F08500578C4E /* BaseViewController.swift in Sources */ = {isa = PBXBuildFile; fileRef = A285531F2186F08500578C4E /* BaseViewController.swift */; };
		A285534D2186F08500578C4E /* KHNavigationController.m in Sources */ = {isa = PBXBuildFile; fileRef = A28553212186F08500578C4E /* KHNavigationController.m */; };
		A285534E2186F08500578C4E /* KHRecommandListView.xib in Resources */ = {isa = PBXBuildFile; fileRef = A28553252186F08500578C4E /* KHRecommandListView.xib */; };
		A285534F2186F08500578C4E /* KHPlayListView.m in Sources */ = {isa = PBXBuildFile; fileRef = A28553262186F08500578C4E /* KHPlayListView.m */; };
		A28553502186F08500578C4E /* KHControlOverlayView.xib in Resources */ = {isa = PBXBuildFile; fileRef = A28553272186F08500578C4E /* KHControlOverlayView.xib */; };
		A28553512186F08500578C4E /* KHPlayerUtil.m in Sources */ = {isa = PBXBuildFile; fileRef = A28553282186F08500578C4E /* KHPlayerUtil.m */; };
		A28553522186F08500578C4E /* KHRecommandListView.m in Sources */ = {isa = PBXBuildFile; fileRef = A285532A2186F08500578C4E /* KHRecommandListView.m */; };
		A28553532186F08500578C4E /* KHPlayerViewController.m in Sources */ = {isa = PBXBuildFile; fileRef = A285532C2186F08500578C4E /* KHPlayerViewController.m */; };
		A28553542186F08500578C4E /* KHResolution.m in Sources */ = {isa = PBXBuildFile; fileRef = A285532E2186F08500578C4E /* KHResolution.m */; };
		A28553552186F08500578C4E /* KHPlayerGoogleCast.m in Sources */ = {isa = PBXBuildFile; fileRef = A285532F2186F08500578C4E /* KHPlayerGoogleCast.m */; };
		A28553562186F08500578C4E /* ELLayoutCombinationConstraintModel.m in Sources */ = {isa = PBXBuildFile; fileRef = A28553352186F08500578C4E /* ELLayoutCombinationConstraintModel.m */; };
		A28553572186F08500578C4E /* ELConstraintsMaker.m in Sources */ = {isa = PBXBuildFile; fileRef = A285533A2186F08500578C4E /* ELConstraintsMaker.m */; };
		A28553582186F08500578C4E /* ELLayoutConstraintModel.m in Sources */ = {isa = PBXBuildFile; fileRef = A285533C2186F08500578C4E /* ELLayoutConstraintModel.m */; };
		A28553592186F08500578C4E /* UIView+EasyLayout.m in Sources */ = {isa = PBXBuildFile; fileRef = A285533D2186F08500578C4E /* UIView+EasyLayout.m */; };
		A285535A2186F08500578C4E /* UIView+BSXMaterialAnimation.m in Sources */ = {isa = PBXBuildFile; fileRef = A28553402186F08500578C4E /* UIView+BSXMaterialAnimation.m */; };
		A285535B2186F08500578C4E /* BSXUIView.m in Sources */ = {isa = PBXBuildFile; fileRef = A28553412186F08500578C4E /* BSXUIView.m */; };
		A285535C2186F08500578C4E /* KHPlayListView.xib in Resources */ = {isa = PBXBuildFile; fileRef = A28553432186F08500578C4E /* KHPlayListView.xib */; };
		A285535D2186F08500578C4E /* KHControlOverlayView.m in Sources */ = {isa = PBXBuildFile; fileRef = A28553462186F08500578C4E /* KHControlOverlayView.m */; };
		A285535E2186F08500578C4E /* KHTabBarController.m in Sources */ = {isa = PBXBuildFile; fileRef = A28553482186F08500578C4E /* KHTabBarController.m */; };
		A285535F2186F08500578C4E /* KHMoreVideo.m in Sources */ = {isa = PBXBuildFile; fileRef = A285534A2186F08500578C4E /* KHMoreVideo.m */; };
		A28553602186F08500578C4E /* KHMoreVideo.xib in Resources */ = {isa = PBXBuildFile; fileRef = A285534B2186F08500578C4E /* KHMoreVideo.xib */; };
		A28553662186F7C900578C4E /* IntroViewController.swift in Sources */ = {isa = PBXBuildFile; fileRef = A28553652186F7C900578C4E /* IntroViewController.swift */; };
		A28553682186F7E100578C4E /* LoginViewController.swift in Sources */ = {isa = PBXBuildFile; fileRef = A28553672186F7E100578C4E /* LoginViewController.swift */; };
		A285536A2186F91500578C4E /* README.md in Resources */ = {isa = PBXBuildFile; fileRef = A28553692186F91500578C4E /* README.md */; };
/* End PBXBuildFile section */

/* Begin PBXFileReference section */
		0E8D425D4597A47D2B298D1E /* Pods-DownLoaderBase.debug.xcconfig */ = {isa = PBXFileReference; includeInIndex = 1; lastKnownFileType = text.xcconfig; name = "Pods-DownLoaderBase.debug.xcconfig"; path = "Target Support Files/Pods-DownLoaderBase/Pods-DownLoaderBase.debug.xcconfig"; sourceTree = "<group>"; };
		158EC3292FD07A9FEC96CB35 /* Pods_DownLoaderBase.framework */ = {isa = PBXFileReference; explicitFileType = wrapper.framework; includeInIndex = 0; path = Pods_DownLoaderBase.framework; sourceTree = BUILT_PRODUCTS_DIR; };
		8F438B122E0ACF50BD1AC88E /* Pods-DownLoaderBase.release.xcconfig */ = {isa = PBXFileReference; includeInIndex = 1; lastKnownFileType = text.xcconfig; name = "Pods-DownLoaderBase.release.xcconfig"; path = "Target Support Files/Pods-DownLoaderBase/Pods-DownLoaderBase.release.xcconfig"; sourceTree = "<group>"; };
		A28552C72186CDEF00578C4E /* DownLoaderBase.app */ = {isa = PBXFileReference; explicitFileType = wrapper.application; includeInIndex = 0; path = DownLoaderBase.app; sourceTree = BUILT_PRODUCTS_DIR; };
		A28552CA2186CDEF00578C4E /* AppDelegate.swift */ = {isa = PBXFileReference; lastKnownFileType = sourcecode.swift; path = AppDelegate.swift; sourceTree = "<group>"; };
		A28552CC2186CDEF00578C4E /* ViewController.swift */ = {isa = PBXFileReference; lastKnownFileType = sourcecode.swift; path = ViewController.swift; sourceTree = "<group>"; };
		A28552CF2186CDEF00578C4E /* Base */ = {isa = PBXFileReference; lastKnownFileType = file.storyboard; name = Base; path = Base.lproj/Main.storyboard; sourceTree = "<group>"; };
		A28552D12186CDEF00578C4E /* Assets.xcassets */ = {isa = PBXFileReference; lastKnownFileType = folder.assetcatalog; path = Assets.xcassets; sourceTree = "<group>"; };
		A28552D42186CDEF00578C4E /* Base */ = {isa = PBXFileReference; lastKnownFileType = file.storyboard; name = Base; path = Base.lproj/LaunchScreen.storyboard; sourceTree = "<group>"; };
		A28552D62186CDEF00578C4E /* Info.plist */ = {isa = PBXFileReference; lastKnownFileType = text.plist.xml; path = Info.plist; sourceTree = "<group>"; };
		A285531F2186F08500578C4E /* BaseViewController.swift */ = {isa = PBXFileReference; fileEncoding = 4; lastKnownFileType = sourcecode.swift; path = BaseViewController.swift; sourceTree = "<group>"; };
		A28553212186F08500578C4E /* KHNavigationController.m */ = {isa = PBXFileReference; fileEncoding = 4; lastKnownFileType = sourcecode.c.objc; path = KHNavigationController.m; sourceTree = "<group>"; };
		A28553222186F08500578C4E /* KHPlayerGoogleCast.h */ = {isa = PBXFileReference; fileEncoding = 4; lastKnownFileType = sourcecode.c.h; path = KHPlayerGoogleCast.h; sourceTree = "<group>"; };
		A28553232186F08500578C4E /* KHPlayerNotifications.h */ = {isa = PBXFileReference; fileEncoding = 4; lastKnownFileType = sourcecode.c.h; path = KHPlayerNotifications.h; sourceTree = "<group>"; };
		A28553242186F08500578C4E /* KHResolution.h */ = {isa = PBXFileReference; fileEncoding = 4; lastKnownFileType = sourcecode.c.h; path = KHResolution.h; sourceTree = "<group>"; };
		A28553252186F08500578C4E /* KHRecommandListView.xib */ = {isa = PBXFileReference; fileEncoding = 4; lastKnownFileType = file.xib; path = KHRecommandListView.xib; sourceTree = "<group>"; };
		A28553262186F08500578C4E /* KHPlayListView.m */ = {isa = PBXFileReference; fileEncoding = 4; lastKnownFileType = sourcecode.c.objc; path = KHPlayListView.m; sourceTree = "<group>"; };
		A28553272186F08500578C4E /* KHControlOverlayView.xib */ = {isa = PBXFileReference; fileEncoding = 4; lastKnownFileType = file.xib; path = KHControlOverlayView.xib; sourceTree = "<group>"; };
		A28553282186F08500578C4E /* KHPlayerUtil.m */ = {isa = PBXFileReference; fileEncoding = 4; lastKnownFileType = sourcecode.c.objc; path = KHPlayerUtil.m; sourceTree = "<group>"; };
		A28553292186F08500578C4E /* KHControlOverlayView.h */ = {isa = PBXFileReference; fileEncoding = 4; lastKnownFileType = sourcecode.c.h; path = KHControlOverlayView.h; sourceTree = "<group>"; };
		A285532A2186F08500578C4E /* KHRecommandListView.m */ = {isa = PBXFileReference; fileEncoding = 4; lastKnownFileType = sourcecode.c.objc; path = KHRecommandListView.m; sourceTree = "<group>"; };
		A285532B2186F08500578C4E /* KHMoreVideo.h */ = {isa = PBXFileReference; fileEncoding = 4; lastKnownFileType = sourcecode.c.h; path = KHMoreVideo.h; sourceTree = "<group>"; };
		A285532C2186F08500578C4E /* KHPlayerViewController.m */ = {isa = PBXFileReference; fileEncoding = 4; lastKnownFileType = sourcecode.c.objc; path = KHPlayerViewController.m; sourceTree = "<group>"; };
		A285532D2186F08500578C4E /* KHTabBarController.h */ = {isa = PBXFileReference; fileEncoding = 4; lastKnownFileType = sourcecode.c.h; path = KHTabBarController.h; sourceTree = "<group>"; };
		A285532E2186F08500578C4E /* KHResolution.m */ = {isa = PBXFileReference; fileEncoding = 4; lastKnownFileType = sourcecode.c.objc; path = KHResolution.m; sourceTree = "<group>"; };
		A285532F2186F08500578C4E /* KHPlayerGoogleCast.m */ = {isa = PBXFileReference; fileEncoding = 4; lastKnownFileType = sourcecode.c.objc; path = KHPlayerGoogleCast.m; sourceTree = "<group>"; };
		A28553302186F08500578C4E /* KHNavigationController.h */ = {isa = PBXFileReference; fileEncoding = 4; lastKnownFileType = sourcecode.c.h; path = KHNavigationController.h; sourceTree = "<group>"; };
		A28553322186F08500578C4E /* ELConstraintsMaker.h */ = {isa = PBXFileReference; fileEncoding = 4; lastKnownFileType = sourcecode.c.h; path = ELConstraintsMaker.h; sourceTree = "<group>"; };
		A28553332186F08500578C4E /* UIView+EasyLayout.h */ = {isa = PBXFileReference; fileEncoding = 4; lastKnownFileType = sourcecode.c.h; path = "UIView+EasyLayout.h"; sourceTree = "<group>"; };
		A28553342186F08500578C4E /* ELLayoutConstraintModel.h */ = {isa = PBXFileReference; fileEncoding = 4; lastKnownFileType = sourcecode.c.h; path = ELLayoutConstraintModel.h; sourceTree = "<group>"; };
		A28553352186F08500578C4E /* ELLayoutCombinationConstraintModel.m */ = {isa = PBXFileReference; fileEncoding = 4; lastKnownFileType = sourcecode.c.objc; path = ELLayoutCombinationConstraintModel.m; sourceTree = "<group>"; };
		A28553362186F08500578C4E /* EasyLayoutDefine.h */ = {isa = PBXFileReference; fileEncoding = 4; lastKnownFileType = sourcecode.c.h; path = EasyLayoutDefine.h; sourceTree = "<group>"; };
		A28553372186F08500578C4E /* ELLayoutAttributeProtocol.h */ = {isa = PBXFileReference; fileEncoding = 4; lastKnownFileType = sourcecode.c.h; path = ELLayoutAttributeProtocol.h; sourceTree = "<group>"; };
		A28553382186F08500578C4E /* EasyLayout.h */ = {isa = PBXFileReference; fileEncoding = 4; lastKnownFileType = sourcecode.c.h; path = EasyLayout.h; sourceTree = "<group>"; };
		A28553392186F08500578C4E /* ELConstraintsMaker+ELPrivate.h */ = {isa = PBXFileReference; fileEncoding = 4; lastKnownFileType = sourcecode.c.h; path = "ELConstraintsMaker+ELPrivate.h"; sourceTree = "<group>"; };
		A285533A2186F08500578C4E /* ELConstraintsMaker.m */ = {isa = PBXFileReference; fileEncoding = 4; lastKnownFileType = sourcecode.c.objc; path = ELConstraintsMaker.m; sourceTree = "<group>"; };
		A285533B2186F08500578C4E /* ELLayoutCombinationConstraintModel.h */ = {isa = PBXFileReference; fileEncoding = 4; lastKnownFileType = sourcecode.c.h; path = ELLayoutCombinationConstraintModel.h; sourceTree = "<group>"; };
		A285533C2186F08500578C4E /* ELLayoutConstraintModel.m */ = {isa = PBXFileReference; fileEncoding = 4; lastKnownFileType = sourcecode.c.objc; path = ELLayoutConstraintModel.m; sourceTree = "<group>"; };
		A285533D2186F08500578C4E /* UIView+EasyLayout.m */ = {isa = PBXFileReference; fileEncoding = 4; lastKnownFileType = sourcecode.c.objc; path = "UIView+EasyLayout.m"; sourceTree = "<group>"; };
		A285533F2186F08500578C4E /* BSXUIView.h */ = {isa = PBXFileReference; fileEncoding = 4; lastKnownFileType = sourcecode.c.h; path = BSXUIView.h; sourceTree = "<group>"; };
		A28553402186F08500578C4E /* UIView+BSXMaterialAnimation.m */ = {isa = PBXFileReference; fileEncoding = 4; lastKnownFileType = sourcecode.c.objc; path = "UIView+BSXMaterialAnimation.m"; sourceTree = "<group>"; };
		A28553412186F08500578C4E /* BSXUIView.m */ = {isa = PBXFileReference; fileEncoding = 4; lastKnownFileType = sourcecode.c.objc; path = BSXUIView.m; sourceTree = "<group>"; };
		A28553422186F08500578C4E /* UIView+BSXMaterialAnimation.h */ = {isa = PBXFileReference; fileEncoding = 4; lastKnownFileType = sourcecode.c.h; path = "UIView+BSXMaterialAnimation.h"; sourceTree = "<group>"; };
		A28553432186F08500578C4E /* KHPlayListView.xib */ = {isa = PBXFileReference; fileEncoding = 4; lastKnownFileType = file.xib; path = KHPlayListView.xib; sourceTree = "<group>"; };
		A28553442186F08500578C4E /* KHPlayListView.h */ = {isa = PBXFileReference; fileEncoding = 4; lastKnownFileType = sourcecode.c.h; path = KHPlayListView.h; sourceTree = "<group>"; };
		A28553452186F08500578C4E /* KHRecommandListView.h */ = {isa = PBXFileReference; fileEncoding = 4; lastKnownFileType = sourcecode.c.h; path = KHRecommandListView.h; sourceTree = "<group>"; };
		A28553462186F08500578C4E /* KHControlOverlayView.m */ = {isa = PBXFileReference; fileEncoding = 4; lastKnownFileType = sourcecode.c.objc; path = KHControlOverlayView.m; sourceTree = "<group>"; };
		A28553472186F08500578C4E /* KHPlayerUtil.h */ = {isa = PBXFileReference; fileEncoding = 4; lastKnownFileType = sourcecode.c.h; path = KHPlayerUtil.h; sourceTree = "<group>"; };
		A28553482186F08500578C4E /* KHTabBarController.m */ = {isa = PBXFileReference; fileEncoding = 4; lastKnownFileType = sourcecode.c.objc; path = KHTabBarController.m; sourceTree = "<group>"; };
		A28553492186F08500578C4E /* KHPlayerViewController.h */ = {isa = PBXFileReference; fileEncoding = 4; lastKnownFileType = sourcecode.c.h; path = KHPlayerViewController.h; sourceTree = "<group>"; };
		A285534A2186F08500578C4E /* KHMoreVideo.m */ = {isa = PBXFileReference; fileEncoding = 4; lastKnownFileType = sourcecode.c.objc; path = KHMoreVideo.m; sourceTree = "<group>"; };
		A285534B2186F08500578C4E /* KHMoreVideo.xib */ = {isa = PBXFileReference; fileEncoding = 4; lastKnownFileType = file.xib; path = KHMoreVideo.xib; sourceTree = "<group>"; };
		A28553612186F11E00578C4E /* KHPlayer.h */ = {isa = PBXFileReference; lastKnownFileType = sourcecode.c.h; path = KHPlayer.h; sourceTree = "<group>"; };
		A28553652186F7C900578C4E /* IntroViewController.swift */ = {isa = PBXFileReference; lastKnownFileType = sourcecode.swift; path = IntroViewController.swift; sourceTree = "<group>"; };
		A28553672186F7E100578C4E /* LoginViewController.swift */ = {isa = PBXFileReference; lastKnownFileType = sourcecode.swift; path = LoginViewController.swift; sourceTree = "<group>"; };
		A28553692186F91500578C4E /* README.md */ = {isa = PBXFileReference; fileEncoding = 4; lastKnownFileType = net.daringfireball.markdown; path = README.md; sourceTree = SOURCE_ROOT; };
/* End PBXFileReference section */

/* Begin PBXFrameworksBuildPhase section */
		A28552C42186CDEF00578C4E /* Frameworks */ = {
			isa = PBXFrameworksBuildPhase;
			buildActionMask = 2147483647;
			files = (
				9C5B5BE620AB84D669BAA19F /* Pods_DownLoaderBase.framework in Frameworks */,
			);
			runOnlyForDeploymentPostprocessing = 0;
		};
/* End PBXFrameworksBuildPhase section */

/* Begin PBXGroup section */
		69012513282DAF523FCE39F2 /* Pods */ = {
			isa = PBXGroup;
			children = (
				0E8D425D4597A47D2B298D1E /* Pods-DownLoaderBase.debug.xcconfig */,
				8F438B122E0ACF50BD1AC88E /* Pods-DownLoaderBase.release.xcconfig */,
			);
			path = Pods;
			sourceTree = "<group>";
		};
		82A1385731CA35E906639F14 /* Frameworks */ = {
			isa = PBXGroup;
			children = (
				158EC3292FD07A9FEC96CB35 /* Pods_DownLoaderBase.framework */,
			);
			name = Frameworks;
			sourceTree = "<group>";
		};
		A28552BE2186CDEF00578C4E = {
			isa = PBXGroup;
			children = (
				A28552C92186CDEF00578C4E /* DownLoaderBase */,
				A28552C82186CDEF00578C4E /* Products */,
				69012513282DAF523FCE39F2 /* Pods */,
				82A1385731CA35E906639F14 /* Frameworks */,
			);
			sourceTree = "<group>";
		};
		A28552C82186CDEF00578C4E /* Products */ = {
			isa = PBXGroup;
			children = (
				A28552C72186CDEF00578C4E /* DownLoaderBase.app */,
			);
			name = Products;
			sourceTree = "<group>";
		};
		A28552C92186CDEF00578C4E /* DownLoaderBase */ = {
			isa = PBXGroup;
			children = (
				A28553692186F91500578C4E /* README.md */,
				A285531E2186F08500578C4E /* Common */,
				A28552CA2186CDEF00578C4E /* AppDelegate.swift */,
				A28552CC2186CDEF00578C4E /* ViewController.swift */,
				A28552CE2186CDEF00578C4E /* Main.storyboard */,
				A28552D12186CDEF00578C4E /* Assets.xcassets */,
				A28552D32186CDEF00578C4E /* LaunchScreen.storyboard */,
				A28552D62186CDEF00578C4E /* Info.plist */,
				A28553652186F7C900578C4E /* IntroViewController.swift */,
				A28553672186F7E100578C4E /* LoginViewController.swift */,
			);
			path = DownLoaderBase;
			sourceTree = "<group>";
		};
		A285531E2186F08500578C4E /* Common */ = {
			isa = PBXGroup;
			children = (
				A28553202186F08500578C4E /* KHPlayer */,
				A285531F2186F08500578C4E /* BaseViewController.swift */,
			);
			path = Common;
			sourceTree = "<group>";
		};
		A28553202186F08500578C4E /* KHPlayer */ = {
			isa = PBXGroup;
			children = (
				A28553312186F08500578C4E /* EasyLayout */,
				A285533E2186F08500578C4E /* BSXMaterialAnimation */,
				A28553612186F11E00578C4E /* KHPlayer.h */,
				A28553232186F08500578C4E /* KHPlayerNotifications.h */,
				A28553302186F08500578C4E /* KHNavigationController.h */,
				A28553212186F08500578C4E /* KHNavigationController.m */,
				A28553222186F08500578C4E /* KHPlayerGoogleCast.h */,
				A285532F2186F08500578C4E /* KHPlayerGoogleCast.m */,
				A28553452186F08500578C4E /* KHRecommandListView.h */,
				A285532A2186F08500578C4E /* KHRecommandListView.m */,
				A28553252186F08500578C4E /* KHRecommandListView.xib */,
				A28553292186F08500578C4E /* KHControlOverlayView.h */,
				A28553462186F08500578C4E /* KHControlOverlayView.m */,
				A28553272186F08500578C4E /* KHControlOverlayView.xib */,
				A28553492186F08500578C4E /* KHPlayerViewController.h */,
				A285532C2186F08500578C4E /* KHPlayerViewController.m */,
				A285532D2186F08500578C4E /* KHTabBarController.h */,
				A28553482186F08500578C4E /* KHTabBarController.m */,
				A28553242186F08500578C4E /* KHResolution.h */,
				A285532E2186F08500578C4E /* KHResolution.m */,
				A28553442186F08500578C4E /* KHPlayListView.h */,
				A28553262186F08500578C4E /* KHPlayListView.m */,
				A28553432186F08500578C4E /* KHPlayListView.xib */,
				A28553472186F08500578C4E /* KHPlayerUtil.h */,
				A28553282186F08500578C4E /* KHPlayerUtil.m */,
				A285532B2186F08500578C4E /* KHMoreVideo.h */,
				A285534A2186F08500578C4E /* KHMoreVideo.m */,
				A285534B2186F08500578C4E /* KHMoreVideo.xib */,
			);
			path = KHPlayer;
			sourceTree = "<group>";
		};
		A28553312186F08500578C4E /* EasyLayout */ = {
			isa = PBXGroup;
			children = (
				A28553322186F08500578C4E /* ELConstraintsMaker.h */,
				A28553332186F08500578C4E /* UIView+EasyLayout.h */,
				A28553342186F08500578C4E /* ELLayoutConstraintModel.h */,
				A28553352186F08500578C4E /* ELLayoutCombinationConstraintModel.m */,
				A28553362186F08500578C4E /* EasyLayoutDefine.h */,
				A28553372186F08500578C4E /* ELLayoutAttributeProtocol.h */,
				A28553382186F08500578C4E /* EasyLayout.h */,
				A28553392186F08500578C4E /* ELConstraintsMaker+ELPrivate.h */,
				A285533A2186F08500578C4E /* ELConstraintsMaker.m */,
				A285533B2186F08500578C4E /* ELLayoutCombinationConstraintModel.h */,
				A285533C2186F08500578C4E /* ELLayoutConstraintModel.m */,
				A285533D2186F08500578C4E /* UIView+EasyLayout.m */,
			);
			path = EasyLayout;
			sourceTree = "<group>";
		};
		A285533E2186F08500578C4E /* BSXMaterialAnimation */ = {
			isa = PBXGroup;
			children = (
				A285533F2186F08500578C4E /* BSXUIView.h */,
				A28553402186F08500578C4E /* UIView+BSXMaterialAnimation.m */,
				A28553412186F08500578C4E /* BSXUIView.m */,
				A28553422186F08500578C4E /* UIView+BSXMaterialAnimation.h */,
			);
			path = BSXMaterialAnimation;
			sourceTree = "<group>";
		};
/* End PBXGroup section */

/* Begin PBXNativeTarget section */
		A28552C62186CDEF00578C4E /* DownLoaderBase */ = {
			isa = PBXNativeTarget;
			buildConfigurationList = A28552D92186CDEF00578C4E /* Build configuration list for PBXNativeTarget "DownLoaderBase" */;
			buildPhases = (
				0754AD47429FEA5EE86C8790 /* [CP] Check Pods Manifest.lock */,
				A28552C32186CDEF00578C4E /* Sources */,
				A28552C42186CDEF00578C4E /* Frameworks */,
				A28552C52186CDEF00578C4E /* Resources */,
				E1F3AB7821553B4B9AAA6B02 /* [CP] Embed Pods Frameworks */,
				A86E37B28565C8517635D5DE /* [CP] Copy Pods Resources */,
			);
			buildRules = (
			);
			dependencies = (
			);
			name = DownLoaderBase;
			productName = DownLoaderBase;
			productReference = A28552C72186CDEF00578C4E /* DownLoaderBase.app */;
			productType = "com.apple.product-type.application";
		};
/* End PBXNativeTarget section */

/* Begin PBXProject section */
		A28552BF2186CDEF00578C4E /* Project object */ = {
			isa = PBXProject;
			attributes = {
				LastSwiftUpdateCheck = 1000;
				LastUpgradeCheck = 1000;
				ORGANIZATIONNAME = coke;
				TargetAttributes = {
					A28552C62186CDEF00578C4E = {
						CreatedOnToolsVersion = 10.0;
					};
				};
			};
			buildConfigurationList = A28552C22186CDEF00578C4E /* Build configuration list for PBXProject "DownLoaderBase" */;
			compatibilityVersion = "Xcode 9.3";
			developmentRegion = en;
			hasScannedForEncodings = 0;
			knownRegions = (
				en,
				Base,
			);
			mainGroup = A28552BE2186CDEF00578C4E;
			productRefGroup = A28552C82186CDEF00578C4E /* Products */;
			projectDirPath = "";
			projectRoot = "";
			targets = (
				A28552C62186CDEF00578C4E /* DownLoaderBase */,
			);
		};
/* End PBXProject section */

/* Begin PBXResourcesBuildPhase section */
		A28552C52186CDEF00578C4E /* Resources */ = {
			isa = PBXResourcesBuildPhase;
			buildActionMask = 2147483647;
			files = (
				A285534E2186F08500578C4E /* KHRecommandListView.xib in Resources */,
				A285535C2186F08500578C4E /* KHPlayListView.xib in Resources */,
				A28552D52186CDEF00578C4E /* LaunchScreen.storyboard in Resources */,
				A28553602186F08500578C4E /* KHMoreVideo.xib in Resources */,
				A28552D22186CDEF00578C4E /* Assets.xcassets in Resources */,
				A28553502186F08500578C4E /* KHControlOverlayView.xib in Resources */,
				A285536A2186F91500578C4E /* README.md in Resources */,
				A28552D02186CDEF00578C4E /* Main.storyboard in Resources */,
			);
			runOnlyForDeploymentPostprocessing = 0;
		};
/* End PBXResourcesBuildPhase section */

/* Begin PBXShellScriptBuildPhase section */
		0754AD47429FEA5EE86C8790 /* [CP] Check Pods Manifest.lock */ = {
			isa = PBXShellScriptBuildPhase;
			buildActionMask = 2147483647;
			files = (
			);
			inputFileListPaths = (
			);
			inputPaths = (
				"${PODS_PODFILE_DIR_PATH}/Podfile.lock",
				"${PODS_ROOT}/Manifest.lock",
			);
			name = "[CP] Check Pods Manifest.lock";
			outputFileListPaths = (
			);
			outputPaths = (
				"$(DERIVED_FILE_DIR)/Pods-DownLoaderBase-checkManifestLockResult.txt",
			);
			runOnlyForDeploymentPostprocessing = 0;
			shellPath = /bin/sh;
			shellScript = "diff \"${PODS_PODFILE_DIR_PATH}/Podfile.lock\" \"${PODS_ROOT}/Manifest.lock\" > /dev/null\nif [ $? != 0 ] ; then\n    # print error to STDERR\n    echo \"error: The sandbox is not in sync with the Podfile.lock. Run 'pod install' or update your CocoaPods installation.\" >&2\n    exit 1\nfi\n# This output is used by Xcode 'outputs' to avoid re-running this script phase.\necho \"SUCCESS\" > \"${SCRIPT_OUTPUT_FILE_0}\"\n";
			showEnvVarsInLog = 0;
		};
		A86E37B28565C8517635D5DE /* [CP] Copy Pods Resources */ = {
			isa = PBXShellScriptBuildPhase;
			buildActionMask = 2147483647;
			files = (
			);
			inputFileListPaths = (
			);
			inputPaths = (
				"${PODS_ROOT}/Target Support Files/Pods-DownLoaderBase/Pods-DownLoaderBase-resources.sh",
				"${PODS_ROOT}/google-cast-sdk/GoogleCastSDK-ios-4.3.3_static/GoogleCast.framework/GoogleCastCoreResources.bundle",
				"${PODS_ROOT}/google-cast-sdk/GoogleCastSDK-ios-4.3.3_static/GoogleCast.framework/GoogleCastUIResources.bundle",
			);
			name = "[CP] Copy Pods Resources";
			outputFileListPaths = (
			);
			outputPaths = (
				"${TARGET_BUILD_DIR}/${UNLOCALIZED_RESOURCES_FOLDER_PATH}/GoogleCastCoreResources.bundle",
				"${TARGET_BUILD_DIR}/${UNLOCALIZED_RESOURCES_FOLDER_PATH}/GoogleCastUIResources.bundle",
			);
			runOnlyForDeploymentPostprocessing = 0;
			shellPath = /bin/sh;
			shellScript = "\"${PODS_ROOT}/Target Support Files/Pods-DownLoaderBase/Pods-DownLoaderBase-resources.sh\"\n";
			showEnvVarsInLog = 0;
		};
		E1F3AB7821553B4B9AAA6B02 /* [CP] Embed Pods Frameworks */ = {
			isa = PBXShellScriptBuildPhase;
			buildActionMask = 2147483647;
			files = (
			);
			inputFileListPaths = (
			);
			inputPaths = (
				"${PODS_ROOT}/Target Support Files/Pods-DownLoaderBase/Pods-DownLoaderBase-frameworks.sh",
				"${BUILT_PRODUCTS_DIR}/MarqueeLabel/MarqueeLabel.framework",
				"${BUILT_PRODUCTS_DIR}/NotificationBannerSwift/NotificationBannerSwift.framework",
				"${BUILT_PRODUCTS_DIR}/Protobuf/Protobuf.framework",
				"${BUILT_PRODUCTS_DIR}/SnapKit/SnapKit.framework",
			);
			name = "[CP] Embed Pods Frameworks";
			outputFileListPaths = (
			);
			outputPaths = (
				"${TARGET_BUILD_DIR}/${FRAMEWORKS_FOLDER_PATH}/MarqueeLabel.framework",
				"${TARGET_BUILD_DIR}/${FRAMEWORKS_FOLDER_PATH}/NotificationBannerSwift.framework",
				"${TARGET_BUILD_DIR}/${FRAMEWORKS_FOLDER_PATH}/Protobuf.framework",
				"${TARGET_BUILD_DIR}/${FRAMEWORKS_FOLDER_PATH}/SnapKit.framework",
			);
			runOnlyForDeploymentPostprocessing = 0;
			shellPath = /bin/sh;
			shellScript = "\"${PODS_ROOT}/Target Support Files/Pods-DownLoaderBase/Pods-DownLoaderBase-frameworks.sh\"\n";
			showEnvVarsInLog = 0;
		};
/* End PBXShellScriptBuildPhase section */

/* Begin PBXSourcesBuildPhase section */
		A28552C32186CDEF00578C4E /* Sources */ = {
			isa = PBXSourcesBuildPhase;
			buildActionMask = 2147483647;
			files = (
				A28553682186F7E100578C4E /* LoginViewController.swift in Sources */,
				A28553522186F08500578C4E /* KHRecommandListView.m in Sources */,
				A285535B2186F08500578C4E /* BSXUIView.m in Sources */,
				A28552CD2186CDEF00578C4E /* ViewController.swift in Sources */,
				A28553572186F08500578C4E /* ELConstraintsMaker.m in Sources */,
				A285534F2186F08500578C4E /* KHPlayListView.m in Sources */,
				A285535E2186F08500578C4E /* KHTabBarController.m in Sources */,
				A28553512186F08500578C4E /* KHPlayerUtil.m in Sources */,
				A285535D2186F08500578C4E /* KHControlOverlayView.m in Sources */,
				A285534C2186F08500578C4E /* BaseViewController.swift in Sources */,
				A285534D2186F08500578C4E /* KHNavigationController.m in Sources */,
				A28552CB2186CDEF00578C4E /* AppDelegate.swift in Sources */,
				A285535A2186F08500578C4E /* UIView+BSXMaterialAnimation.m in Sources */,
				A285535F2186F08500578C4E /* KHMoreVideo.m in Sources */,
				A28553582186F08500578C4E /* ELLayoutConstraintModel.m in Sources */,
				A28553542186F08500578C4E /* KHResolution.m in Sources */,
				A28553662186F7C900578C4E /* IntroViewController.swift in Sources */,
				A28553552186F08500578C4E /* KHPlayerGoogleCast.m in Sources */,
				A28553532186F08500578C4E /* KHPlayerViewController.m in Sources */,
				A28553592186F08500578C4E /* UIView+EasyLayout.m in Sources */,
				A28553562186F08500578C4E /* ELLayoutCombinationConstraintModel.m in Sources */,
			);
			runOnlyForDeploymentPostprocessing = 0;
		};
/* End PBXSourcesBuildPhase section */

/* Begin PBXVariantGroup section */
		A28552CE2186CDEF00578C4E /* Main.storyboard */ = {
			isa = PBXVariantGroup;
			children = (
				A28552CF2186CDEF00578C4E /* Base */,
			);
			name = Main.storyboard;
			sourceTree = "<group>";
		};
		A28552D32186CDEF00578C4E /* LaunchScreen.storyboard */ = {
			isa = PBXVariantGroup;
			children = (
				A28552D42186CDEF00578C4E /* Base */,
			);
			name = LaunchScreen.storyboard;
			sourceTree = "<group>";
		};
/* End PBXVariantGroup section */

/* Begin XCBuildConfiguration section */
		A28552D72186CDEF00578C4E /* Debug */ = {
			isa = XCBuildConfiguration;
			buildSettings = {
				ALWAYS_SEARCH_USER_PATHS = NO;
				CLANG_ANALYZER_NONNULL = YES;
				CLANG_ANALYZER_NUMBER_OBJECT_CONVERSION = YES_AGGRESSIVE;
				CLANG_CXX_LANGUAGE_STANDARD = "gnu++14";
				CLANG_CXX_LIBRARY = "libc++";
				CLANG_ENABLE_MODULES = YES;
				CLANG_ENABLE_OBJC_ARC = YES;
				CLANG_ENABLE_OBJC_WEAK = YES;
				CLANG_WARN_BLOCK_CAPTURE_AUTORELEASING = YES;
				CLANG_WARN_BOOL_CONVERSION = YES;
				CLANG_WARN_COMMA = YES;
				CLANG_WARN_CONSTANT_CONVERSION = YES;
				CLANG_WARN_DEPRECATED_OBJC_IMPLEMENTATIONS = YES;
				CLANG_WARN_DIRECT_OBJC_ISA_USAGE = YES_ERROR;
				CLANG_WARN_DOCUMENTATION_COMMENTS = YES;
				CLANG_WARN_EMPTY_BODY = YES;
				CLANG_WARN_ENUM_CONVERSION = YES;
				CLANG_WARN_INFINITE_RECURSION = YES;
				CLANG_WARN_INT_CONVERSION = YES;
				CLANG_WARN_NON_LITERAL_NULL_CONVERSION = YES;
				CLANG_WARN_OBJC_IMPLICIT_RETAIN_SELF = YES;
				CLANG_WARN_OBJC_LITERAL_CONVERSION = YES;
				CLANG_WARN_OBJC_ROOT_CLASS = YES_ERROR;
				CLANG_WARN_RANGE_LOOP_ANALYSIS = YES;
				CLANG_WARN_STRICT_PROTOTYPES = YES;
				CLANG_WARN_SUSPICIOUS_MOVE = YES;
				CLANG_WARN_UNGUARDED_AVAILABILITY = YES_AGGRESSIVE;
				CLANG_WARN_UNREACHABLE_CODE = YES;
				CLANG_WARN__DUPLICATE_METHOD_MATCH = YES;
				CODE_SIGN_IDENTITY = "iPhone Developer";
				COPY_PHASE_STRIP = NO;
				DEBUG_INFORMATION_FORMAT = dwarf;
				ENABLE_STRICT_OBJC_MSGSEND = YES;
				ENABLE_TESTABILITY = YES;
				GCC_C_LANGUAGE_STANDARD = gnu11;
				GCC_DYNAMIC_NO_PIC = NO;
				GCC_NO_COMMON_BLOCKS = YES;
				GCC_OPTIMIZATION_LEVEL = 0;
				GCC_PREPROCESSOR_DEFINITIONS = (
					"DEBUG=1",
					"$(inherited)",
				);
				GCC_WARN_64_TO_32_BIT_CONVERSION = YES;
				GCC_WARN_ABOUT_RETURN_TYPE = YES_ERROR;
				GCC_WARN_UNDECLARED_SELECTOR = YES;
				GCC_WARN_UNINITIALIZED_AUTOS = YES_AGGRESSIVE;
				GCC_WARN_UNUSED_FUNCTION = YES;
				GCC_WARN_UNUSED_VARIABLE = YES;
				IPHONEOS_DEPLOYMENT_TARGET = 12.0;
				MTL_ENABLE_DEBUG_INFO = INCLUDE_SOURCE;
				MTL_FAST_MATH = YES;
				ONLY_ACTIVE_ARCH = YES;
				SDKROOT = iphoneos;
				SWIFT_ACTIVE_COMPILATION_CONDITIONS = DEBUG;
				SWIFT_OPTIMIZATION_LEVEL = "-Onone";
			};
			name = Debug;
		};
		A28552D82186CDEF00578C4E /* Release */ = {
			isa = XCBuildConfiguration;
			buildSettings = {
				ALWAYS_SEARCH_USER_PATHS = NO;
				CLANG_ANALYZER_NONNULL = YES;
				CLANG_ANALYZER_NUMBER_OBJECT_CONVERSION = YES_AGGRESSIVE;
				CLANG_CXX_LANGUAGE_STANDARD = "gnu++14";
				CLANG_CXX_LIBRARY = "libc++";
				CLANG_ENABLE_MODULES = YES;
				CLANG_ENABLE_OBJC_ARC = YES;
				CLANG_ENABLE_OBJC_WEAK = YES;
				CLANG_WARN_BLOCK_CAPTURE_AUTORELEASING = YES;
				CLANG_WARN_BOOL_CONVERSION = YES;
				CLANG_WARN_COMMA = YES;
				CLANG_WARN_CONSTANT_CONVERSION = YES;
				CLANG_WARN_DEPRECATED_OBJC_IMPLEMENTATIONS = YES;
				CLANG_WARN_DIRECT_OBJC_ISA_USAGE = YES_ERROR;
				CLANG_WARN_DOCUMENTATION_COMMENTS = YES;
				CLANG_WARN_EMPTY_BODY = YES;
				CLANG_WARN_ENUM_CONVERSION = YES;
				CLANG_WARN_INFINITE_RECURSION = YES;
				CLANG_WARN_INT_CONVERSION = YES;
				CLANG_WARN_NON_LITERAL_NULL_CONVERSION = YES;
				CLANG_WARN_OBJC_IMPLICIT_RETAIN_SELF = YES;
				CLANG_WARN_OBJC_LITERAL_CONVERSION = YES;
				CLANG_WARN_OBJC_ROOT_CLASS = YES_ERROR;
				CLANG_WARN_RANGE_LOOP_ANALYSIS = YES;
				CLANG_WARN_STRICT_PROTOTYPES = YES;
				CLANG_WARN_SUSPICIOUS_MOVE = YES;
				CLANG_WARN_UNGUARDED_AVAILABILITY = YES_AGGRESSIVE;
				CLANG_WARN_UNREACHABLE_CODE = YES;
				CLANG_WARN__DUPLICATE_METHOD_MATCH = YES;
				CODE_SIGN_IDENTITY = "iPhone Developer";
				COPY_PHASE_STRIP = NO;
				DEBUG_INFORMATION_FORMAT = "dwarf-with-dsym";
				ENABLE_NS_ASSERTIONS = NO;
				ENABLE_STRICT_OBJC_MSGSEND = YES;
				GCC_C_LANGUAGE_STANDARD = gnu11;
				GCC_NO_COMMON_BLOCKS = YES;
				GCC_WARN_64_TO_32_BIT_CONVERSION = YES;
				GCC_WARN_ABOUT_RETURN_TYPE = YES_ERROR;
				GCC_WARN_UNDECLARED_SELECTOR = YES;
				GCC_WARN_UNINITIALIZED_AUTOS = YES_AGGRESSIVE;
				GCC_WARN_UNUSED_FUNCTION = YES;
				GCC_WARN_UNUSED_VARIABLE = YES;
				IPHONEOS_DEPLOYMENT_TARGET = 12.0;
				MTL_ENABLE_DEBUG_INFO = NO;
				MTL_FAST_MATH = YES;
				SDKROOT = iphoneos;
				SWIFT_COMPILATION_MODE = wholemodule;
				SWIFT_OPTIMIZATION_LEVEL = "-O";
				VALIDATE_PRODUCT = YES;
			};
			name = Release;
		};
		A28552DA2186CDEF00578C4E /* Debug */ = {
			isa = XCBuildConfiguration;
			baseConfigurationReference = 0E8D425D4597A47D2B298D1E /* Pods-DownLoaderBase.debug.xcconfig */;
			buildSettings = {
				ASSETCATALOG_COMPILER_APPICON_NAME = AppIcon;
				CODE_SIGN_STYLE = Automatic;
				INFOPLIST_FILE = DownLoaderBase/Info.plist;
				LD_RUNPATH_SEARCH_PATHS = (
					"$(inherited)",
					"@executable_path/Frameworks",
				);
				PRODUCT_BUNDLE_IDENTIFIER = com.DownLoaderBase;
				PRODUCT_NAME = "$(TARGET_NAME)";
				SWIFT_VERSION = 4.2;
				TARGETED_DEVICE_FAMILY = "1,2";
			};
			name = Debug;
		};
		A28552DB2186CDEF00578C4E /* Release */ = {
			isa = XCBuildConfiguration;
			baseConfigurationReference = 8F438B122E0ACF50BD1AC88E /* Pods-DownLoaderBase.release.xcconfig */;
			buildSettings = {
				ASSETCATALOG_COMPILER_APPICON_NAME = AppIcon;
				CODE_SIGN_STYLE = Automatic;
				INFOPLIST_FILE = DownLoaderBase/Info.plist;
				LD_RUNPATH_SEARCH_PATHS = (
					"$(inherited)",
					"@executable_path/Frameworks",
				);
				PRODUCT_BUNDLE_IDENTIFIER = com.DownLoaderBase;
				PRODUCT_NAME = "$(TARGET_NAME)";
				SWIFT_VERSION = 4.2;
				TARGETED_DEVICE_FAMILY = "1,2";
			};
			name = Release;
		};
/* End XCBuildConfiguration section */

/* Begin XCConfigurationList section */
		A28552C22186CDEF00578C4E /* Build configuration list for PBXProject "DownLoaderBase" */ = {
			isa = XCConfigurationList;
			buildConfigurations = (
				A28552D72186CDEF00578C4E /* Debug */,
				A28552D82186CDEF00578C4E /* Release */,
			);
			defaultConfigurationIsVisible = 0;
			defaultConfigurationName = Release;
		};
		A28552D92186CDEF00578C4E /* Build configuration list for PBXNativeTarget "DownLoaderBase" */ = {
			isa = XCConfigurationList;
			buildConfigurations = (
				A28552DA2186CDEF00578C4E /* Debug */,
				A28552DB2186CDEF00578C4E /* Release */,
			);
			defaultConfigurationIsVisible = 0;
			defaultConfigurationName = Release;
		};
/* End XCConfigurationList section */
	};
	rootObject = A28552BF2186CDEF00578C4E /* Project object */;
}
